
Microsoft Visual Studio Solution File, Format Version 12.00
# Visual Studio Version 16
VisualStudioVersion = 16.0.30517.126
MinimumVisualStudioVersion = 10.0.40219.1
Project("{9A19103F-16F7-4668-BE54-9A1E7A4F7556}") = "BlazorBlazoriseMaterialWebAssembly", "BlazorBlazoriseMaterialWebAssembly\BlazorBlazoriseMaterialWebAssembly.csproj", "{B1D5EC53-556A-43BE-A245-D57AD81D5C66}"
EndProject
Global
	GlobalSection(SolutionConfigurationPlatforms) = preSolution
		Debug|Any CPU = Debug|Any CPU
		Release|Any CPU = Release|Any CPU
	EndGlobalSection
	GlobalSection(ProjectConfigurationPlatforms) = postSolution
		{B1D5EC53-556A-43BE-A245-D57AD81D5C66}.Debug|Any CPU.ActiveCfg = Debug|Any CPU
		{B1D5EC53-556A-43BE-A245-D57AD81D5C66}.Debug|Any CPU.Build.0 = Debug|Any CPU
		{B1D5EC53-556A-43BE-A245-D57AD81D5C66}.Release|Any CPU.ActiveCfg = Release|Any CPU
		{B1D5EC53-556A-43BE-A245-D57AD81D5C66}.Release|Any CPU.Build.0 = Release|Any CPU
	EndGlobalSection
	GlobalSection(SolutionProperties) = preSolution
		HideSolutionNode = FALSE
	EndGlobalSection
	GlobalSection(ExtensibilityGlobals) = postSolution
		SolutionGuid = {A06989E8-E0F6-4F5E-80E3-1ED66D16215C}
	EndGlobalSection
EndGlobal
